
Microsoft Visual Studio Solution File, Format Version 12.00
Project("{FAE04EC0-301F-11D3-BF4B-00C04F79EFBC}") = "HulaSwirl.Api", "HulaSwirl.Api\HulaSwirl.Api.csproj", "{4627FA4D-8D5C-4115-BDA5-D0DAC57FD2E6}"
EndProject
Project("{FAE04EC0-301F-11D3-BF4B-00C04F79EFBC}") = "HulaSwirl.Services", "HulaSwirl.Services\HulaSwirl.Services.csproj", "{B776C002-391E-4CEE-805C-0D720481EDC7}"
EndProject
Global
	GlobalSection(SolutionConfigurationPlatforms) = preSolution
		Debug|Any CPU = Debug|Any CPU
		Release|Any CPU = Release|Any CPU
	EndGlobalSection
	GlobalSection(ProjectConfigurationPlatforms) = postSolution
		{4627FA4D-8D5C-4115-BDA5-D0DAC57FD2E6}.Debug|Any CPU.ActiveCfg = Debug|Any CPU
		{4627FA4D-8D5C-4115-BDA5-D0DAC57FD2E6}.Debug|Any CPU.Build.0 = Debug|Any CPU
		{4627FA4D-8D5C-4115-BDA5-D0DAC57FD2E6}.Release|Any CPU.ActiveCfg = Release|Any CPU
		{4627FA4D-8D5C-4115-BDA5-D0DAC57FD2E6}.Release|Any CPU.Build.0 = Release|Any CPU
		{B776C002-391E-4CEE-805C-0D720481EDC7}.Debug|Any CPU.ActiveCfg = Debug|Any CPU
		{B776C002-391E-4CEE-805C-0D720481EDC7}.Debug|Any CPU.Build.0 = Debug|Any CPU
		{B776C002-391E-4CEE-805C-0D720481EDC7}.Release|Any CPU.ActiveCfg = Release|Any CPU
		{B776C002-391E-4CEE-805C-0D720481EDC7}.Release|Any CPU.Build.0 = Release|Any CPU
	EndGlobalSection
EndGlobal
